
Microsoft Visual Studio Solution File, Format Version 12.00
# Visual Studio Version 17
VisualStudioVersion = 17.9.34701.34
MinimumVisualStudioVersion = 10.0.40219.1
Project("{9A19103F-16F7-4668-BE54-9A1E7A4F7556}") = "InstaClone", "InstaClone\InstaClone.csproj", "{8C2A2944-2D26-42E8-9CB5-03A5A0EBD65D}"
EndProject
Project("{9A19103F-16F7-4668-BE54-9A1E7A4F7556}") = "InstaClone.Commons", "InstaClone.Commons\InstaClone.Commons.csproj", "{BE6C34C2-2E2E-480D-B743-379DA81D0B6A}"
EndProject
Project("{9A19103F-16F7-4668-BE54-9A1E7A4F7556}") = "InstaClone.Core", "InstaClone.Core\InstaClone.Core.csproj", "{798EC43B-DFE3-4748-AF67-CF353ACC0451}"
EndProject
Project("{FAE04EC0-301F-11D3-BF4B-00C04F79EFBC}") = "InstaClone.UnitTest", "InstaClone.UnitTest\InstaClone.UnitTest.csproj", "{DE1054DB-07C0-473F-808B-8DCFD96210E3}"
EndProject
Global
	GlobalSection(SolutionConfigurationPlatforms) = preSolution
		Debug|Any CPU = Debug|Any CPU
		Release|Any CPU = Release|Any CPU
	EndGlobalSection
	GlobalSection(ProjectConfigurationPlatforms) = postSolution
		{8C2A2944-2D26-42E8-9CB5-03A5A0EBD65D}.Debug|Any CPU.ActiveCfg = Debug|Any CPU
		{8C2A2944-2D26-42E8-9CB5-03A5A0EBD65D}.Debug|Any CPU.Build.0 = Debug|Any CPU
		{8C2A2944-2D26-42E8-9CB5-03A5A0EBD65D}.Release|Any CPU.ActiveCfg = Release|Any CPU
		{8C2A2944-2D26-42E8-9CB5-03A5A0EBD65D}.Release|Any CPU.Build.0 = Release|Any CPU
		{BE6C34C2-2E2E-480D-B743-379DA81D0B6A}.Debug|Any CPU.ActiveCfg = Debug|Any CPU
		{BE6C34C2-2E2E-480D-B743-379DA81D0B6A}.Debug|Any CPU.Build.0 = Debug|Any CPU
		{BE6C34C2-2E2E-480D-B743-379DA81D0B6A}.Release|Any CPU.ActiveCfg = Release|Any CPU
		{BE6C34C2-2E2E-480D-B743-379DA81D0B6A}.Release|Any CPU.Build.0 = Release|Any CPU
		{798EC43B-DFE3-4748-AF67-CF353ACC0451}.Debug|Any CPU.ActiveCfg = Debug|Any CPU
		{798EC43B-DFE3-4748-AF67-CF353ACC0451}.Debug|Any CPU.Build.0 = Debug|Any CPU
		{798EC43B-DFE3-4748-AF67-CF353ACC0451}.Release|Any CPU.ActiveCfg = Release|Any CPU
		{798EC43B-DFE3-4748-AF67-CF353ACC0451}.Release|Any CPU.Build.0 = Release|Any CPU
		{DE1054DB-07C0-473F-808B-8DCFD96210E3}.Debug|Any CPU.ActiveCfg = Debug|Any CPU
		{DE1054DB-07C0-473F-808B-8DCFD96210E3}.Debug|Any CPU.Build.0 = Debug|Any CPU
		{DE1054DB-07C0-473F-808B-8DCFD96210E3}.Release|Any CPU.ActiveCfg = Release|Any CPU
		{DE1054DB-07C0-473F-808B-8DCFD96210E3}.Release|Any CPU.Build.0 = Release|Any CPU
	EndGlobalSection
	GlobalSection(SolutionProperties) = preSolution
		HideSolutionNode = FALSE
	EndGlobalSection
	GlobalSection(ExtensibilityGlobals) = postSolution
		SolutionGuid = {2FA55EF3-7ED7-484F-BEAC-2EE34B017B29}
	EndGlobalSection
EndGlobal
